
Microsoft Visual Studio Solution File, Format Version 12.00
# Visual Studio Version 17
VisualStudioVersion = 17.0.31903.59
MinimumVisualStudioVersion = 10.0.40219.1
Project("{FAE04EC0-301F-11D3-BF4B-00C04F79EFBC}") = "GithubActionsHelloWorld", "GithubActionsHelloWorld\GithubActionsHelloWorld.csproj", "{9A7903DF-69B7-4575-9D0D-BA7BDFDBDACF}"
EndProject
Project("{FAE04EC0-301F-11D3-BF4B-00C04F79EFBC}") = "GithubActionsHelloWorldTests", "GithubActionsHelloWorldTests\GithubActionsHelloWorldTests.csproj", "{BFBB48CD-388A-48F9-A97B-9D829E82356B}"
EndProject
Project("{FAE04EC0-301F-11D3-BF4B-00C04F79EFBC}") = "GithubActionsHelloWordWeb", "GithubActionsHelloWordWeb\GithubActionsHelloWordWeb.csproj", "{44D78C5C-EF75-45E9-073C-09B43907AB9F}"
EndProject
Project("{FAE04EC0-301F-11D3-BF4B-00C04F79EFBC}") = "GithubActionsHelloWordWebTests", "GithubActionsHelloWordWebTests\GithubActionsHelloWordWebTests.csproj", "{928F752C-78A0-2463-8590-2E494C6F4C09}"
EndProject
Global
	GlobalSection(SolutionConfigurationPlatforms) = preSolution
		Debug|Any CPU = Debug|Any CPU
		Release|Any CPU = Release|Any CPU
	EndGlobalSection
	GlobalSection(ProjectConfigurationPlatforms) = postSolution
		{9A7903DF-69B7-4575-9D0D-BA7BDFDBDACF}.Debug|Any CPU.ActiveCfg = Debug|Any CPU
		{9A7903DF-69B7-4575-9D0D-BA7BDFDBDACF}.Debug|Any CPU.Build.0 = Debug|Any CPU
		{9A7903DF-69B7-4575-9D0D-BA7BDFDBDACF}.Release|Any CPU.ActiveCfg = Release|Any CPU
		{9A7903DF-69B7-4575-9D0D-BA7BDFDBDACF}.Release|Any CPU.Build.0 = Release|Any CPU
		{BFBB48CD-388A-48F9-A97B-9D829E82356B}.Debug|Any CPU.ActiveCfg = Debug|Any CPU
		{BFBB48CD-388A-48F9-A97B-9D829E82356B}.Debug|Any CPU.Build.0 = Debug|Any CPU
		{BFBB48CD-388A-48F9-A97B-9D829E82356B}.Release|Any CPU.ActiveCfg = Release|Any CPU
		{BFBB48CD-388A-48F9-A97B-9D829E82356B}.Release|Any CPU.Build.0 = Release|Any CPU
		{44D78C5C-EF75-45E9-073C-09B43907AB9F}.Debug|Any CPU.ActiveCfg = Debug|Any CPU
		{44D78C5C-EF75-45E9-073C-09B43907AB9F}.Debug|Any CPU.Build.0 = Debug|Any CPU
		{44D78C5C-EF75-45E9-073C-09B43907AB9F}.Release|Any CPU.ActiveCfg = Release|Any CPU
		{44D78C5C-EF75-45E9-073C-09B43907AB9F}.Release|Any CPU.Build.0 = Release|Any CPU
		{928F752C-78A0-2463-8590-2E494C6F4C09}.Debug|Any CPU.ActiveCfg = Debug|Any CPU
		{928F752C-78A0-2463-8590-2E494C6F4C09}.Debug|Any CPU.Build.0 = Debug|Any CPU
		{928F752C-78A0-2463-8590-2E494C6F4C09}.Release|Any CPU.ActiveCfg = Release|Any CPU
		{928F752C-78A0-2463-8590-2E494C6F4C09}.Release|Any CPU.Build.0 = Release|Any CPU
	EndGlobalSection
	GlobalSection(SolutionProperties) = preSolution
		HideSolutionNode = FALSE
	EndGlobalSection
EndGlobal
